dependencies:
- name: kube-prometheus-stack
  repository: https://prometheus-community.github.io/helm-charts
  version: 81.1.0
- name: kubernetes-operations
  repository: https://cloudoperators.github.io/kubernetes-operations
  version: 1.2.7
- name: prometheus-blackbox-exporter
  repository: https://prometheus-community.github.io/helm-charts
  version: 11.9.1
digest: sha256:63fd4e62e9facf54bc11ae2e3f531a64dce8723ba867c634304e343aaa983804
generated: "2026-04-10T17:46:20.741786529Z"
